
Microsoft Visual Studio Solution File, Format Version 12.00
# Visual Studio Version 16
VisualStudioVersion = 16.0.32228.343
MinimumVisualStudioVersion = 10.0.40219.1
Project("{00D1A9C2-B5F0-4AF3-8072-F6C62B433612}") = "RMData", "RMData\RMData.sqlproj", "{B4AEAD19-0FFE-40F6-8E4A-F9A0E206ED6A}"
EndProject
Project("{9A19103F-16F7-4668-BE54-9A1E7A4F7556}") = "RMWPFUserInterface", "RMWPFUserInterface\RMWPFUserInterface.csproj", "{996395C4-7B4A-49A9-A616-8BBD5F2AD5F4}"
EndProject
Project("{9A19103F-16F7-4668-BE54-9A1E7A4F7556}") = "RMDataManager.Library", "RMDataManager.Library\RMDataManager.Library.csproj", "{8F36BD2D-7634-402C-88CF-9CF4063ECDA9}"
EndProject
Project("{9A19103F-16F7-4668-BE54-9A1E7A4F7556}") = "RMWPFUserInterface.Library", "RMWPFUserInterface.Library\RMWPFUserInterface.Library.csproj", "{267C4423-3EE6-4C3B-8D1A-CDEBE7492F68}"
EndProject
Project("{2150E333-8FDC-42A3-9474-1A3956D46DE8}") = "Database", "Database", "{25E75F39-BD70-43A5-A906-6AC9BC917517}"
EndProject
Project("{2150E333-8FDC-42A3-9474-1A3956D46DE8}") = "API", "API", "{64C14E6A-B7A3-4514-942A-9919BF65EEB7}"
EndProject
Project("{2150E333-8FDC-42A3-9474-1A3956D46DE8}") = "WPF", "WPF", "{F23FD63B-BEE8-4DCB-BD52-4339AA389281}"
EndProject
Project("{9A19103F-16F7-4668-BE54-9A1E7A4F7556}") = "RMCoreApi", "RMCoreApi\RMCoreApi.csproj", "{4BAFF8A9-AF74-4924-8595-90944075C8D9}"
EndProject
Global
	GlobalSection(SolutionConfigurationPlatforms) = preSolution
		Debug|Any CPU = Debug|Any CPU
		Release|Any CPU = Release|Any CPU
	EndGlobalSection
	GlobalSection(ProjectConfigurationPlatforms) = postSolution
		{B4AEAD19-0FFE-40F6-8E4A-F9A0E206ED6A}.Debug|Any CPU.ActiveCfg = Debug|Any CPU
		{B4AEAD19-0FFE-40F6-8E4A-F9A0E206ED6A}.Debug|Any CPU.Build.0 = Debug|Any CPU
		{B4AEAD19-0FFE-40F6-8E4A-F9A0E206ED6A}.Debug|Any CPU.Deploy.0 = Debug|Any CPU
		{B4AEAD19-0FFE-40F6-8E4A-F9A0E206ED6A}.Release|Any CPU.ActiveCfg = Release|Any CPU
		{B4AEAD19-0FFE-40F6-8E4A-F9A0E206ED6A}.Release|Any CPU.Build.0 = Release|Any CPU
		{B4AEAD19-0FFE-40F6-8E4A-F9A0E206ED6A}.Release|Any CPU.Deploy.0 = Release|Any CPU
		{996395C4-7B4A-49A9-A616-8BBD5F2AD5F4}.Debug|Any CPU.ActiveCfg = Debug|Any CPU
		{996395C4-7B4A-49A9-A616-8BBD5F2AD5F4}.Debug|Any CPU.Build.0 = Debug|Any CPU
		{996395C4-7B4A-49A9-A616-8BBD5F2AD5F4}.Release|Any CPU.ActiveCfg = Release|Any CPU
		{996395C4-7B4A-49A9-A616-8BBD5F2AD5F4}.Release|Any CPU.Build.0 = Release|Any CPU
		{8F36BD2D-7634-402C-88CF-9CF4063ECDA9}.Debug|Any CPU.ActiveCfg = Debug|Any CPU
		{8F36BD2D-7634-402C-88CF-9CF4063ECDA9}.Debug|Any CPU.Build.0 = Debug|Any CPU
		{8F36BD2D-7634-402C-88CF-9CF4063ECDA9}.Release|Any CPU.ActiveCfg = Release|Any CPU
		{8F36BD2D-7634-402C-88CF-9CF4063ECDA9}.Release|Any CPU.Build.0 = Release|Any CPU
		{267C4423-3EE6-4C3B-8D1A-CDEBE7492F68}.Debug|Any CPU.ActiveCfg = Debug|Any CPU
		{267C4423-3EE6-4C3B-8D1A-CDEBE7492F68}.Debug|Any CPU.Build.0 = Debug|Any CPU
		{267C4423-3EE6-4C3B-8D1A-CDEBE7492F68}.Release|Any CPU.ActiveCfg = Release|Any CPU
		{267C4423-3EE6-4C3B-8D1A-CDEBE7492F68}.Release|Any CPU.Build.0 = Release|Any CPU
		{4BAFF8A9-AF74-4924-8595-90944075C8D9}.Debug|Any CPU.ActiveCfg = Debug|Any CPU
		{4BAFF8A9-AF74-4924-8595-90944075C8D9}.Debug|Any CPU.Build.0 = Debug|Any CPU
		{4BAFF8A9-AF74-4924-8595-90944075C8D9}.Release|Any CPU.ActiveCfg = Release|Any CPU
		{4BAFF8A9-AF74-4924-8595-90944075C8D9}.Release|Any CPU.Build.0 = Release|Any CPU
	EndGlobalSection
	GlobalSection(SolutionProperties) = preSolution
		HideSolutionNode = FALSE
	EndGlobalSection
	GlobalSection(NestedProjects) = preSolution
		{B4AEAD19-0FFE-40F6-8E4A-F9A0E206ED6A} = {25E75F39-BD70-43A5-A906-6AC9BC917517}
		{996395C4-7B4A-49A9-A616-8BBD5F2AD5F4} = {F23FD63B-BEE8-4DCB-BD52-4339AA389281}
		{8F36BD2D-7634-402C-88CF-9CF4063ECDA9} = {64C14E6A-B7A3-4514-942A-9919BF65EEB7}
		{267C4423-3EE6-4C3B-8D1A-CDEBE7492F68} = {F23FD63B-BEE8-4DCB-BD52-4339AA389281}
		{4BAFF8A9-AF74-4924-8595-90944075C8D9} = {64C14E6A-B7A3-4514-942A-9919BF65EEB7}
	EndGlobalSection
	GlobalSection(ExtensibilityGlobals) = postSolution
		SolutionGuid = {870F810F-8F09-4B6C-A69E-21528F88DBD3}
	EndGlobalSection
EndGlobal
